Microsoft Visual Studio Solution File, Format Version 12.00
# Visual Studio Version 17
VisualStudioVersion = 17.5.2.0
MinimumVisualStudioVersion = 10.0.40219.1
Project("{FAE04EC0-301F-11D3-BF4B-00C04F79EFBC}") = "Chuyen-doi-tien-te", "Chuyen-doi-tien-te.csproj", "{8DCED5C6-67AE-944A-B6A5-06CC1B25B5A2}"
EndProject
Global
	GlobalSection(SolutionConfigurationPlatforms) = preSolution
		Debug|Any CPU = Debug|Any CPU
		Release|Any CPU = Release|Any CPU
	EndGlobalSection
	GlobalSection(ProjectConfigurationPlatforms) = postSolution
		{8DCED5C6-67AE-944A-B6A5-06CC1B25B5A2}.Debug|Any CPU.ActiveCfg = Debug|Any CPU
		{8DCED5C6-67AE-944A-B6A5-06CC1B25B5A2}.Debug|Any CPU.Build.0 = Debug|Any CPU
		{8DCED5C6-67AE-944A-B6A5-06CC1B25B5A2}.Release|Any CPU.ActiveCfg = Release|Any CPU
		{8DCED5C6-67AE-944A-B6A5-06CC1B25B5A2}.Release|Any CPU.Build.0 = Release|Any CPU
	EndGlobalSection
	GlobalSection(SolutionProperties) = preSolution
		HideSolutionNode = FALSE
	EndGlobalSection
	GlobalSection(ExtensibilityGlobals) = postSolution
		SolutionGuid = {F6FA65B7-17A2-41D7-B231-8D3B161427D2}
	EndGlobalSection
EndGlobal
